// !$*UTF8*$!
{
	archiveVersion = 1;
	classes = {
	};
	objectVersion = 46;
	objects = {

/* Begin PBXBuildFile section */
		685586501867260D00AD3959 /* Filter.m in Sources */ = {isa = PBXBuildFile; fileRef = 6855864F1867260D00AD3959 /* Filter.m */; };
		68795B2B18253AEC0026E01F /* Foundation.framework in Frameworks */ = {isa = PBXBuildFile; fileRef = 68795B2A18253AEC0026E01F /* Foundation.framework */; };
		68795B2D18253AEC0026E01F /* CoreGraphics.framework in Frameworks */ = {isa = PBXBuildFile; fileRef = 68795B2C18253AEC0026E01F /* CoreGraphics.framework */; };
		68795B2F18253AEC0026E01F /* UIKit.framework in Frameworks */ = {isa = PBXBuildFile; fileRef = 68795B2E18253AEC0026E01F /* UIKit.framework */; };
		68795B3518253AEC0026E01F /* InfoPlist.strings in Resources */ = {isa = PBXBuildFile; fileRef = 68795B3318253AEC0026E01F /* InfoPlist.strings */; };
		68795B3718253AEC0026E01F /* main.m in Sources */ = {isa = PBXBuildFile; fileRef = 68795B3618253AEC0026E01F /* main.m */; };
		68795B3B18253AEC0026E01F /* AppDelegate.m in Sources */ = {isa = PBXBuildFile; fileRef = 68795B3A18253AEC0026E01F /* AppDelegate.m */; };
		68795B3D18253AEC0026E01F /* Images.xcassets in Resources */ = {isa = PBXBuildFile; fileRef = 68795B3C18253AEC0026E01F /* Images.xcassets */; };
		68795B4418253AEC0026E01F /* XCTest.framework in Frameworks */ = {isa = PBXBuildFile; fileRef = 68795B4318253AEC0026E01F /* XCTest.framework */; };
		68795B4518253AEC0026E01F /* Foundation.framework in Frameworks */ = {isa = PBXBuildFile; fileRef = 68795B2A18253AEC0026E01F /* Foundation.framework */; };
		68795B4618253AED0026E01F /* UIKit.framework in Frameworks */ = {isa = PBXBuildFile; fileRef = 68795B2E18253AEC0026E01F /* UIKit.framework */; };
		68795B4E18253AED0026E01F /* InfoPlist.strings in Resources */ = {isa = PBXBuildFile; fileRef = 68795B4C18253AED0026E01F /* InfoPlist.strings */; };
		68795B5018253AED0026E01F /* itemsTests.m in Sources */ = {isa = PBXBuildFile; fileRef = 68795B4F18253AED0026E01F /* itemsTests.m */; };
		68795B5E1825E4C10026E01F /* ItemsViewController.m in Sources */ = {isa = PBXBuildFile; fileRef = 68795B5D1825E4C10026E01F /* ItemsViewController.m */; };
		68795B6118268ECF0026E01F /* TextViewController.m in Sources */ = {isa = PBXBuildFile; fileRef = 68795B6018268ECF0026E01F /* TextViewController.m */; };
		68795B6418273D390026E01F /* DBAccount+defaultStore.m in Sources */ = {isa = PBXBuildFile; fileRef = 68795B6318273D390026E01F /* DBAccount+defaultStore.m */; };
		6884B95F1861D866002C8540 /* Label.m in Sources */ = {isa = PBXBuildFile; fileRef = 6884B95E1861D866002C8540 /* Label.m */; };
		68FFAA261859D1A900BF5C23 /* LabelsViewController.m in Sources */ = {isa = PBXBuildFile; fileRef = 68FFAA251859D1A900BF5C23 /* LabelsViewController.m */; };
		ABE4BBA91FE94F4E9546CC9C /* libPods-items.a in Frameworks */ = {isa = PBXBuildFile; fileRef = E74B6A662D5C46D68FEE7A8F /* libPods-items.a */; };
/* End PBXBuildFile section */

/* Begin PBXContainerItemProxy section */
		68795B4718253AED0026E01F /* PBXContainerItemProxy */ = {
			isa = PBXContainerItemProxy;
			containerPortal = 68795B1F18253AEC0026E01F /* Project object */;
			proxyType = 1;
			remoteGlobalIDString = 68795B2618253AEC0026E01F;
			remoteInfo = items;
		};
/* End PBXContainerItemProxy section */

/* Begin PBXFileReference section */
		6855864E1867260D00AD3959 /* Filter.h */ = {isa = PBXFileReference; fileEncoding = 4; lastKnownFileType = sourcecode.c.h; path = Filter.h; sourceTree = "<group>"; };
		6855864F1867260D00AD3959 /* Filter.m */ = {isa = PBXFileReference; fileEncoding = 4; lastKnownFileType = sourcecode.c.objc; path = Filter.m; sourceTree = "<group>"; };
		68795B2718253AEC0026E01F /* items.app */ = {isa = PBXFileReference; explicitFileType = wrapper.application; includeInIndex = 0; path = items.app; sourceTree = BUILT_PRODUCTS_DIR; };
		68795B2A18253AEC0026E01F /* Foundation.framework */ = {isa = PBXFileReference; lastKnownFileType = wrapper.framework; name = Foundation.framework; path = System/Library/Frameworks/Foundation.framework; sourceTree = SDKROOT; };
		68795B2C18253AEC0026E01F /* CoreGraphics.framework */ = {isa = PBXFileReference; lastKnownFileType = wrapper.framework; name = CoreGraphics.framework; path = System/Library/Frameworks/CoreGraphics.framework; sourceTree = SDKROOT; };
		68795B2E18253AEC0026E01F /* UIKit.framework */ = {isa = PBXFileReference; lastKnownFileType = wrapper.framework; name = UIKit.framework; path = System/Library/Frameworks/UIKit.framework; sourceTree = SDKROOT; };
		68795B3218253AEC0026E01F /* items-Info.plist */ = {isa = PBXFileReference; lastKnownFileType = text.plist.xml; path = "items-Info.plist"; sourceTree = "<group>"; };
		68795B3418253AEC0026E01F /* en */ = {isa = PBXFileReference; lastKnownFileType = text.plist.strings; name = en; path = en.lproj/InfoPlist.strings; sourceTree = "<group>"; };
		68795B3618253AEC0026E01F /* main.m */ = {isa = PBXFileReference; lastKnownFileType = sourcecode.c.objc; path = main.m; sourceTree = "<group>"; };
		68795B3818253AEC0026E01F /* items-Prefix.pch */ = {isa = PBXFileReference; lastKnownFileType = sourcecode.c.h; path = "items-Prefix.pch"; sourceTree = "<group>"; };
		68795B3918253AEC0026E01F /* AppDelegate.h */ = {isa = PBXFileReference; lastKnownFileType = sourcecode.c.h; path = AppDelegate.h; sourceTree = "<group>"; };
		68795B3A18253AEC0026E01F /* AppDelegate.m */ = {isa = PBXFileReference; lastKnownFileType = sourcecode.c.objc; path = AppDelegate.m; sourceTree = "<group>"; };
		68795B3C18253AEC0026E01F /* Images.xcassets */ = {isa = PBXFileReference; lastKnownFileType = folder.assetcatalog; path = Images.xcassets; sourceTree = "<group>"; };
		68795B4218253AEC0026E01F /* itemsTests.xctest */ = {isa = PBXFileReference; explicitFileType = wrapper.cfbundle; includeInIndex = 0; path = itemsTests.xctest; sourceTree = BUILT_PRODUCTS_DIR; };
		68795B4318253AEC0026E01F /* XCTest.framework */ = {isa = PBXFileReference; lastKnownFileType = wrapper.framework; name = XCTest.framework; path = Library/Frameworks/XCTest.framework; sourceTree = DEVELOPER_DIR; };
		68795B4B18253AED0026E01F /* itemsTests-Info.plist */ = {isa = PBXFileReference; lastKnownFileType = text.plist.xml; path = "itemsTests-Info.plist"; sourceTree = "<group>"; };
		68795B4D18253AED0026E01F /* en */ = {isa = PBXFileReference; lastKnownFileType = text.plist.strings; name = en; path = en.lproj/InfoPlist.strings; sourceTree = "<group>"; };
		68795B4F18253AED0026E01F /* itemsTests.m */ = {isa = PBXFileReference; lastKnownFileType = sourcecode.c.objc; path = itemsTests.m; sourceTree = "<group>"; };
		68795B5C1825E4C10026E01F /* ItemsViewController.h */ = {isa = PBXFileReference; fileEncoding = 4; lastKnownFileType = sourcecode.c.h; path = ItemsViewController.h; sourceTree = "<group>"; };
		68795B5D1825E4C10026E01F /* ItemsViewController.m */ = {isa = PBXFileReference; fileEncoding = 4; lastKnownFileType = sourcecode.c.objc; path = ItemsViewController.m; sourceTree = "<group>"; };
		68795B5F18268ECF0026E01F /* TextViewController.h */ = {isa = PBXFileReference; fileEncoding = 4; lastKnownFileType = sourcecode.c.h; path = TextViewController.h; sourceTree = "<group>"; };
		68795B6018268ECF0026E01F /* TextViewController.m */ = {isa = PBXFileReference; fileEncoding = 4; lastKnownFileType = sourcecode.c.objc; path = TextViewController.m; sourceTree = "<group>"; };
		68795B6218273D390026E01F /* DBAccount+defaultStore.h */ = {isa = PBXFileReference; fileEncoding = 4; lastKnownFileType = sourcecode.c.h; path = "DBAccount+defaultStore.h"; sourceTree = "<group>"; };
		68795B6318273D390026E01F /* DBAccount+defaultStore.m */ = {isa = PBXFileReference; fileEncoding = 4; lastKnownFileType = sourcecode.c.objc; path = "DBAccount+defaultStore.m"; sourceTree = "<group>"; };
		6884B95D1861D866002C8540 /* Label.h */ = {isa = PBXFileReference; fileEncoding = 4; lastKnownFileType = sourcecode.c.h; path = Label.h; sourceTree = "<group>"; };
		6884B95E1861D866002C8540 /* Label.m */ = {isa = PBXFileReference; fileEncoding = 4; lastKnownFileType = sourcecode.c.objc; path = Label.m; sourceTree = "<group>"; };
		68FFAA241859D1A900BF5C23 /* LabelsViewController.h */ = {isa = PBXFileReference; fileEncoding = 4; lastKnownFileType = sourcecode.c.h; path = LabelsViewController.h; sourceTree = "<group>"; };
		68FFAA251859D1A900BF5C23 /* LabelsViewController.m */ = {isa = PBXFileReference; fileEncoding = 4; lastKnownFileType = sourcecode.c.objc; path = LabelsViewController.m; sourceTree = "<group>"; };
		BD53DAF6E5EB4B52A5321D7C /* Pods-items.xcconfig */ = {isa = PBXFileReference; includeInIndex = 1; lastKnownFileType = text.xcconfig; name = "Pods-items.xcconfig"; path = "Pods/Pods-items.xcconfig"; sourceTree = "<group>"; };
		E74B6A662D5C46D68FEE7A8F /* libPods-items.a */ = {isa = PBXFileReference; explicitFileType = archive.ar; includeInIndex = 0; path = "libPods-items.a"; sourceTree = BUILT_PRODUCTS_DIR; };
/* End PBXFileReference section */

/* Begin PBXFrameworksBuildPhase section */
		68795B2418253AEC0026E01F /* Frameworks */ = {
			isa = PBXFrameworksBuildPhase;
			buildActionMask = 2147483647;
			files = (
				68795B2D18253AEC0026E01F /* CoreGraphics.framework in Frameworks */,
				68795B2F18253AEC0026E01F /* UIKit.framework in Frameworks */,
				68795B2B18253AEC0026E01F /* Foundation.framework in Frameworks */,
				ABE4BBA91FE94F4E9546CC9C /* libPods-items.a in Frameworks */,
			);
			runOnlyForDeploymentPostprocessing = 0;
		};
		68795B3F18253AEC0026E01F /* Frameworks */ = {
			isa = PBXFrameworksBuildPhase;
			buildActionMask = 2147483647;
			files = (
				68795B4418253AEC0026E01F /* XCTest.framework in Frameworks */,
				68795B4618253AED0026E01F /* UIKit.framework in Frameworks */,
				68795B4518253AEC0026E01F /* Foundation.framework in Frameworks */,
			);
			runOnlyForDeploymentPostprocessing = 0;
		};
/* End PBXFrameworksBuildPhase section */

/* Begin PBXGroup section */
		68795B1E18253AEC0026E01F = {
			isa = PBXGroup;
			children = (
				68795B3018253AEC0026E01F /* items */,
				68795B4918253AED0026E01F /* itemsTests */,
				68795B2918253AEC0026E01F /* Frameworks */,
				68795B2818253AEC0026E01F /* Products */,
				BD53DAF6E5EB4B52A5321D7C /* Pods-items.xcconfig */,
			);
			sourceTree = "<group>";
		};
		68795B2818253AEC0026E01F /* Products */ = {
			isa = PBXGroup;
			children = (
				68795B2718253AEC0026E01F /* items.app */,
				68795B4218253AEC0026E01F /* itemsTests.xctest */,
			);
			name = Products;
			sourceTree = "<group>";
		};
		68795B2918253AEC0026E01F /* Frameworks */ = {
			isa = PBXGroup;
			children = (
				68795B2A18253AEC0026E01F /* Foundation.framework */,
				68795B2C18253AEC0026E01F /* CoreGraphics.framework */,
				68795B2E18253AEC0026E01F /* UIKit.framework */,
				68795B4318253AEC0026E01F /* XCTest.framework */,
				E74B6A662D5C46D68FEE7A8F /* libPods-items.a */,
			);
			name = Frameworks;
			sourceTree = "<group>";
		};
		68795B3018253AEC0026E01F /* items */ = {
			isa = PBXGroup;
			children = (
				68795B3918253AEC0026E01F /* AppDelegate.h */,
				68795B3A18253AEC0026E01F /* AppDelegate.m */,
				6884B95D1861D866002C8540 /* Label.h */,
				6884B95E1861D866002C8540 /* Label.m */,
				6855864E1867260D00AD3959 /* Filter.h */,
				6855864F1867260D00AD3959 /* Filter.m */,
				68795B5C1825E4C10026E01F /* ItemsViewController.h */,
				68795B5D1825E4C10026E01F /* ItemsViewController.m */,
				68795B5F18268ECF0026E01F /* TextViewController.h */,
				68795B6018268ECF0026E01F /* TextViewController.m */,
				68FFAA241859D1A900BF5C23 /* LabelsViewController.h */,
				68FFAA251859D1A900BF5C23 /* LabelsViewController.m */,
				68795B6218273D390026E01F /* DBAccount+defaultStore.h */,
				68795B6318273D390026E01F /* DBAccount+defaultStore.m */,
				68795B3C18253AEC0026E01F /* Images.xcassets */,
				68795B3118253AEC0026E01F /* Supporting Files */,
			);
			path = items;
			sourceTree = "<group>";
		};
		68795B3118253AEC0026E01F /* Supporting Files */ = {
			isa = PBXGroup;
			children = (
				68795B3218253AEC0026E01F /* items-Info.plist */,
				68795B3318253AEC0026E01F /* InfoPlist.strings */,
				68795B3618253AEC0026E01F /* main.m */,
				68795B3818253AEC0026E01F /* items-Prefix.pch */,
			);
			name = "Supporting Files";
			sourceTree = "<group>";
		};
		68795B4918253AED0026E01F /* itemsTests */ = {
			isa = PBXGroup;
			children = (
				68795B4F18253AED0026E01F /* itemsTests.m */,
				68795B4A18253AED0026E01F /* Supporting Files */,
			);
			path = itemsTests;
			sourceTree = "<group>";
		};
		68795B4A18253AED0026E01F /* Supporting Files */ = {
			isa = PBXGroup;
			children = (
				68795B4B18253AED0026E01F /* itemsTests-Info.plist */,
				68795B4C18253AED0026E01F /* InfoPlist.strings */,
			);
			name = "Supporting Files";
			sourceTree = "<group>";
		};
/* End PBXGroup section */

/* Begin PBXNativeTarget section */
		68795B2618253AEC0026E01F /* items */ = {
			isa = PBXNativeTarget;
			buildConfigurationList = 68795B5318253AED0026E01F /* Build configuration list for PBXNativeTarget "items" */;
			buildPhases = (
				12162B68483645F593D09887 /* Check Pods Manifest.lock */,
				68795B2318253AEC0026E01F /* Sources */,
				68795B2418253AEC0026E01F /* Frameworks */,
				68795B2518253AEC0026E01F /* Resources */,
				467D1A146C4E4A15A2A9C869 /* Copy Pods Resources */,
			);
			buildRules = (
			);
			dependencies = (
			);
			name = items;
			productName = items;
			productReference = 68795B2718253AEC0026E01F /* items.app */;
			productType = "com.apple.product-type.application";
		};
		68795B4118253AEC0026E01F /* itemsTests */ = {
			isa = PBXNativeTarget;
			buildConfigurationList = 68795B5618253AED0026E01F /* Build configuration list for PBXNativeTarget "itemsTests" */;
			buildPhases = (
				68795B3E18253AEC0026E01F /* Sources */,
				68795B3F18253AEC0026E01F /* Frameworks */,
				68795B4018253AEC0026E01F /* Resources */,
			);
			buildRules = (
			);
			dependencies = (
				68795B4818253AED0026E01F /* PBXTargetDependency */,
			);
			name = itemsTests;
			productName = itemsTests;
			productReference = 68795B4218253AEC0026E01F /* itemsTests.xctest */;
			productType = "com.apple.product-type.bundle.unit-test";
		};
/* End PBXNativeTarget section */

/* Begin PBXProject section */
		68795B1F18253AEC0026E01F /* Project object */ = {
			isa = PBXProject;
			attributes = {
				LastUpgradeCheck = 0500;
				ORGANIZATIONNAME = yakitara.com;
				TargetAttributes = {
					68795B2618253AEC0026E01F = {
						DevelopmentTeam = 9647Y3B7A4;
					};
					68795B4118253AEC0026E01F = {
						TestTargetID = 68795B2618253AEC0026E01F;
					};
				};
			};
			buildConfigurationList = 68795B2218253AEC0026E01F /* Build configuration list for PBXProject "items" */;
			compatibilityVersion = "Xcode 3.2";
			developmentRegion = English;
			hasScannedForEncodings = 0;
			knownRegions = (
				en,
			);
			mainGroup = 68795B1E18253AEC0026E01F;
			productRefGroup = 68795B2818253AEC0026E01F /* Products */;
			projectDirPath = "";
			projectRoot = "";
			targets = (
				68795B2618253AEC0026E01F /* items */,
				68795B4118253AEC0026E01F /* itemsTests */,
			);
		};
/* End PBXProject section */

/* Begin PBXResourcesBuildPhase section */
		68795B2518253AEC0026E01F /* Resources */ = {
			isa = PBXResourcesBuildPhase;
			buildActionMask = 2147483647;
			files = (
				68795B3518253AEC0026E01F /* InfoPlist.strings in Resources */,
				68795B3D18253AEC0026E01F /* Images.xcassets in Resources */,
			);
			runOnlyForDeploymentPostprocessing = 0;
		};
		68795B4018253AEC0026E01F /* Resources */ = {
			isa = PBXResourcesBuildPhase;
			buildActionMask = 2147483647;
			files = (
				68795B4E18253AED0026E01F /* InfoPlist.strings in Resources */,
			);
			runOnlyForDeploymentPostprocessing = 0;
		};
/* End PBXResourcesBuildPhase section */

/* Begin PBXShellScriptBuildPhase section */
		12162B68483645F593D09887 /* Check Pods Manifest.lock */ = {
			isa = PBXShellScriptBuildPhase;
			buildActionMask = 2147483647;
			files = (
			);
			inputPaths = (
			);
			name = "Check Pods Manifest.lock";
			outputPaths = (
			);
			runOnlyForDeploymentPostprocessing = 0;
			shellPath = /bin/sh;
			shellScript = "diff \"${PODS_ROOT}/../Podfile.lock\" \"${PODS_ROOT}/Manifest.lock\" > /dev/null\nif [[ $? != 0 ]] ; then\n    cat << EOM\nerror: The sandbox is not in sync with the Podfile.lock. Run 'pod install' or update your CocoaPods installation.\nEOM\n    exit 1\nfi\n";
			showEnvVarsInLog = 0;
		};
		467D1A146C4E4A15A2A9C869 /* Copy Pods Resources */ = {
			isa = PBXShellScriptBuildPhase;
			buildActionMask = 2147483647;
			files = (
			);
			inputPaths = (
			);
			name = "Copy Pods Resources";
			outputPaths = (
			);
			runOnlyForDeploymentPostprocessing = 0;
			shellPath = /bin/sh;
			shellScript = "\"${SRCROOT}/Pods/Pods-items-resources.sh\"\n";
			showEnvVarsInLog = 0;
		};
/* End PBXShellScriptBuildPhase section */

/* Begin PBXSourcesBuildPhase section */
		68795B2318253AEC0026E01F /* Sources */ = {
			isa = PBXSourcesBuildPhase;
			buildActionMask = 2147483647;
			files = (
				68795B5E1825E4C10026E01F /* ItemsViewController.m in Sources */,
				685586501867260D00AD3959 /* Filter.m in Sources */,
				68FFAA261859D1A900BF5C23 /* LabelsViewController.m in Sources */,
				68795B3B18253AEC0026E01F /* AppDelegate.m in Sources */,
				6884B95F1861D866002C8540 /* Label.m in Sources */,
				68795B3718253AEC0026E01F /* main.m in Sources */,
				68795B6418273D390026E01F /* DBAccount+defaultStore.m in Sources */,
				68795B6118268ECF0026E01F /* TextViewController.m in Sources */,
			);
			runOnlyForDeploymentPostprocessing = 0;
		};
		68795B3E18253AEC0026E01F /* Sources */ = {
			isa = PBXSourcesBuildPhase;
			buildActionMask = 2147483647;
			files = (
				68795B5018253AED0026E01F /* itemsTests.m in Sources */,
			);
			runOnlyForDeploymentPostprocessing = 0;
		};
/* End PBXSourcesBuildPhase section */

/* Begin PBXTargetDependency section */
		68795B4818253AED0026E01F /* PBXTargetDependency */ = {
			isa = PBXTargetDependency;
			target = 68795B2618253AEC0026E01F /* items */;
			targetProxy = 68795B4718253AED0026E01F /* PBXContainerItemProxy */;
		};
/* End PBXTargetDependency section */

/* Begin PBXVariantGroup section */
		68795B3318253AEC0026E01F /* InfoPlist.strings */ = {
			isa = PBXVariantGroup;
			children = (
				68795B3418253AEC0026E01F /* en */,
			);
			name = InfoPlist.strings;
			sourceTree = "<group>";
		};
		68795B4C18253AED0026E01F /* InfoPlist.strings */ = {
			isa = PBXVariantGroup;
			children = (
				68795B4D18253AED0026E01F /* en */,
			);
			name = InfoPlist.strings;
			sourceTree = "<group>";
		};
/* End PBXVariantGroup section */

/* Begin XCBuildConfiguration section */
		68795B5118253AED0026E01F /* Debug */ = {
			isa = XCBuildConfiguration;
			buildSettings = {
				ALWAYS_SEARCH_USER_PATHS = NO;
				ARCHS = "$(ARCHS_STANDARD_INCLUDING_64_BIT)";
				CLANG_CXX_LANGUAGE_STANDARD = "gnu++0x";
				CLANG_CXX_LIBRARY = "libc++";
				CLANG_ENABLE_MODULES = YES;
				CLANG_ENABLE_OBJC_ARC = YES;
				CLANG_WARN_BOOL_CONVERSION = YES;
				CLANG_WARN_CONSTANT_CONVERSION = YES;
				CLANG_WARN_DIRECT_OBJC_ISA_USAGE = YES_ERROR;
				CLANG_WARN_EMPTY_BODY = YES;
				CLANG_WARN_ENUM_CONVERSION = YES;
				CLANG_WARN_INT_CONVERSION = YES;
				CLANG_WARN_OBJC_ROOT_CLASS = YES_ERROR;
				CLANG_WARN__DUPLICATE_METHOD_MATCH = YES;
				"CODE_SIGN_IDENTITY[sdk=iphoneos*]" = "iPhone Developer";
				COPY_PHASE_STRIP = NO;
				GCC_C_LANGUAGE_STANDARD = gnu99;
				GCC_DYNAMIC_NO_PIC = NO;
				GCC_OPTIMIZATION_LEVEL = 0;
				GCC_PREPROCESSOR_DEFINITIONS = (
					"DEBUG=1",
					"$(inherited)",
				);
				GCC_SYMBOLS_PRIVATE_EXTERN = NO;
				GCC_WARN_64_TO_32_BIT_CONVERSION = YES;
				GCC_WARN_ABOUT_RETURN_TYPE = YES_ERROR;
				GCC_WARN_UNDECLARED_SELECTOR = YES;
				GCC_WARN_UNINITIALIZED_AUTOS = YES;
				GCC_WARN_UNUSED_FUNCTION = YES;
				GCC_WARN_UNUSED_VARIABLE = YES;
				IPHONEOS_DEPLOYMENT_TARGET = 7.0;
				ONLY_ACTIVE_ARCH = YES;
				SDKROOT = iphoneos;
				TARGETED_DEVICE_FAMILY = "1,2";
			};
			name = Debug;
		};
		68795B5218253AED0026E01F /* Release */ = {
			isa = XCBuildConfiguration;
			buildSettings = {
				ALWAYS_SEARCH_USER_PATHS = NO;
				ARCHS = "$(ARCHS_STANDARD_INCLUDING_64_BIT)";
				CLANG_CXX_LANGUAGE_STANDARD = "gnu++0x";
				CLANG_CXX_LIBRARY = "libc++";
				CLANG_ENABLE_MODULES = YES;
				CLANG_ENABLE_OBJC_ARC = YES;
				CLANG_WARN_BOOL_CONVERSION = YES;
				CLANG_WARN_CONSTANT_CONVERSION = YES;
				CLANG_WARN_DIRECT_OBJC_ISA_USAGE = YES_ERROR;
				CLANG_WARN_EMPTY_BODY = YES;
				CLANG_WARN_ENUM_CONVERSION = YES;
				CLANG_WARN_INT_CONVERSION = YES;
				CLANG_WARN_OBJC_ROOT_CLASS = YES_ERROR;
				CLANG_WARN__DUPLICATE_METHOD_MATCH = YES;
				"CODE_SIGN_IDENTITY[sdk=iphoneos*]" = "iPhone Developer";
				COPY_PHASE_STRIP = YES;
				ENABLE_NS_ASSERTIONS = NO;
				GCC_C_LANGUAGE_STANDARD = gnu99;
				GCC_WARN_64_TO_32_BIT_CONVERSION = YES;
				GCC_WARN_ABOUT_RETURN_TYPE = YES_ERROR;
				GCC_WARN_UNDECLARED_SELECTOR = YES;
				GCC_WARN_UNINITIALIZED_AUTOS = YES;
				GCC_WARN_UNUSED_FUNCTION = YES;
				GCC_WARN_UNUSED_VARIABLE = YES;
				IPHONEOS_DEPLOYMENT_TARGET = 7.0;
				SDKROOT = iphoneos;
				TARGETED_DEVICE_FAMILY = "1,2";
				VALIDATE_PRODUCT = YES;
			};
			name = Release;
		};
		68795B5418253AED0026E01F /* Debug */ = {
			isa = XCBuildConfiguration;
			baseConfigurationReference = BD53DAF6E5EB4B52A5321D7C /* Pods-items.xcconfig */;
			buildSettings = {
				ASSETCATALOG_COMPILER_APPICON_NAME = AppIcon;
				ASSETCATALOG_COMPILER_LAUNCHIMAGE_NAME = LaunchImage;
				CODE_SIGN_IDENTITY = "iPhone Developer";
				"CODE_SIGN_IDENTITY[sdk=iphoneos*]" = "iPhone Developer";
				GCC_PRECOMPILE_PREFIX_HEADER = YES;
				GCC_PREFIX_HEADER = "items/items-Prefix.pch";
				INFOPLIST_FILE = "items/items-Info.plist";
				IPHONEOS_DEPLOYMENT_TARGET = 6.0;
				PRODUCT_NAME = "$(TARGET_NAME)";
				PROVISIONING_PROFILE = "";
				TARGETED_DEVICE_FAMILY = 1;
				WRAPPER_EXTENSION = app;
			};
			name = Debug;
		};
		68795B5518253AED0026E01F /* Release */ = {
			isa = XCBuildConfiguration;
			baseConfigurationReference = BD53DAF6E5EB4B52A5321D7C /* Pods-items.xcconfig */;
			buildSettings = {
				ASSETCATALOG_COMPILER_APPICON_NAME = AppIcon;
				ASSETCATALOG_COMPILER_LAUNCHIMAGE_NAME = LaunchImage;
				CODE_SIGN_IDENTITY = "iPhone Developer";
				"CODE_SIGN_IDENTITY[sdk=iphoneos*]" = "iPhone Developer";
				GCC_PRECOMPILE_PREFIX_HEADER = YES;
				GCC_PREFIX_HEADER = "items/items-Prefix.pch";
				INFOPLIST_FILE = "items/items-Info.plist";
				IPHONEOS_DEPLOYMENT_TARGET = 6.0;
				PRODUCT_NAME = "$(TARGET_NAME)";
				PROVISIONING_PROFILE = "";
				TARGETED_DEVICE_FAMILY = 1;
				WRAPPER_EXTENSION = app;
			};
			name = Release;
		};
		68795B5718253AED0026E01F /* Debug */ = {
			isa = XCBuildConfiguration;
			buildSettings = {
				ARCHS = "$(ARCHS_STANDARD_INCLUDING_64_BIT)";
				BUNDLE_LOADER = "$(BUILT_PRODUCTS_DIR)/items.app/items";
				FRAMEWORK_SEARCH_PATHS = (
					"$(SDKROOT)/Developer/Library/Frameworks",
					"$(inherited)",
					"$(DEVELOPER_FRAMEWORKS_DIR)",
				);
				GCC_PRECOMPILE_PREFIX_HEADER = YES;
				GCC_PREFIX_HEADER = "items/items-Prefix.pch";
				GCC_PREPROCESSOR_DEFINITIONS = (
					"DEBUG=1",
					"$(inherited)",
				);
				INFOPLIST_FILE = "itemsTests/itemsTests-Info.plist";
				PRODUCT_NAME = "$(TARGET_NAME)";
				TEST_HOST = "$(BUNDLE_LOADER)";
				WRAPPER_EXTENSION = xctest;
			};
			name = Debug;
		};
		68795B5818253AED0026E01F /* Release */ = {
			isa = XCBuildConfiguration;
			buildSettings = {
				ARCHS = "$(ARCHS_STANDARD_INCLUDING_64_BIT)";
				BUNDLE_LOADER = "$(BUILT_PRODUCTS_DIR)/items.app/items";
				FRAMEWORK_SEARCH_PATHS = (
					"$(SDKROOT)/Developer/Library/Frameworks",
					"$(inherited)",
					"$(DEVELOPER_FRAMEWORKS_DIR)",
				);
				GCC_PRECOMPILE_PREFIX_HEADER = YES;
				GCC_PREFIX_HEADER = "items/items-Prefix.pch";
				INFOPLIST_FILE = "itemsTests/itemsTests-Info.plist";
				PRODUCT_NAME = "$(TARGET_NAME)";
				TEST_HOST = "$(BUNDLE_LOADER)";
				WRAPPER_EXTENSION = xctest;
			};
			name = Release;
		};
/* End XCBuildConfiguration section */

/* Begin XCConfigurationList section */
		68795B2218253AEC0026E01F /* Build configuration list for PBXProject "items" */ = {
			isa = XCConfigurationList;
			buildConfigurations = (
				68795B5118253AED0026E01F /* Debug */,
				68795B5218253AED0026E01F /* Release */,
			);
			defaultConfigurationIsVisible = 0;
			defaultConfigurationName = Release;
		};
		68795B5318253AED0026E01F /* Build configuration list for PBXNativeTarget "items" */ = {
			isa = XCConfigurationList;
			buildConfigurations = (
				68795B5418253AED0026E01F /* Debug */,
				68795B5518253AED0026E01F /* Release */,
			);
			defaultConfigurationIsVisible = 0;
			defaultConfigurationName = Release;
		};
		68795B5618253AED0026E01F /* Build configuration list for PBXNativeTarget "itemsTests" */ = {
			isa = XCConfigurationList;
			buildConfigurations = (
				68795B5718253AED0026E01F /* Debug */,
				68795B5818253AED0026E01F /* Release */,
			);
			defaultConfigurationIsVisible = 0;
			defaultConfigurationName = Release;
		};
/* End XCConfigurationList section */
	};
	rootObject = 68795B1F18253AEC0026E01F /* Project object */;
}
